
Microsoft Visual Studio Solution File, Format Version 12.00
# Visual Studio Version 17
VisualStudioVersion = 17.8.34316.72
MinimumVisualStudioVersion = 10.0.40219.1
Project("{9A19103F-16F7-4668-BE54-9A1E7A4F7556}") = "BookApp", "BookApp\BookApp.csproj", "{5801EE59-6AD9-410B-832A-7F408F8D49EF}"
EndProject
Project("{FAE04EC0-301F-11D3-BF4B-00C04F79EFBC}") = "Presentation", "Presentation\Presentation.csproj", "{7C4C6118-0E50-4C6C-88F8-B8D3DB03217C}"
EndProject
Project("{FAE04EC0-301F-11D3-BF4B-00C04F79EFBC}") = "Services", "Services\Services.csproj", "{A2FCE073-B51C-4161-B81D-1A969A349E3B}"
EndProject
Project("{FAE04EC0-301F-11D3-BF4B-00C04F79EFBC}") = "Repositories", "Repositories\Repositories.csproj", "{52587513-0A55-40C0-BFE2-EEFFB8F00E9F}"
EndProject
Project("{FAE04EC0-301F-11D3-BF4B-00C04F79EFBC}") = "Entities", "Entities\Entities.csproj", "{6F12AD27-4706-4A8D-A574-B67142827C0A}"
EndProject
Global
	GlobalSection(SolutionConfigurationPlatforms) = preSolution
		Debug|Any CPU = Debug|Any CPU
		Release|Any CPU = Release|Any CPU
	EndGlobalSection
	GlobalSection(ProjectConfigurationPlatforms) = postSolution
		{5801EE59-6AD9-410B-832A-7F408F8D49EF}.Debug|Any CPU.ActiveCfg = Debug|Any CPU
		{5801EE59-6AD9-410B-832A-7F408F8D49EF}.Debug|Any CPU.Build.0 = Debug|Any CPU
		{5801EE59-6AD9-410B-832A-7F408F8D49EF}.Release|Any CPU.ActiveCfg = Release|Any CPU
		{5801EE59-6AD9-410B-832A-7F408F8D49EF}.Release|Any CPU.Build.0 = Release|Any CPU
		{7C4C6118-0E50-4C6C-88F8-B8D3DB03217C}.Debug|Any CPU.ActiveCfg = Debug|Any CPU
		{7C4C6118-0E50-4C6C-88F8-B8D3DB03217C}.Debug|Any CPU.Build.0 = Debug|Any CPU
		{7C4C6118-0E50-4C6C-88F8-B8D3DB03217C}.Release|Any CPU.ActiveCfg = Release|Any CPU
		{7C4C6118-0E50-4C6C-88F8-B8D3DB03217C}.Release|Any CPU.Build.0 = Release|Any CPU
		{A2FCE073-B51C-4161-B81D-1A969A349E3B}.Debug|Any CPU.ActiveCfg = Debug|Any CPU
		{A2FCE073-B51C-4161-B81D-1A969A349E3B}.Debug|Any CPU.Build.0 = Debug|Any CPU
		{A2FCE073-B51C-4161-B81D-1A969A349E3B}.Release|Any CPU.ActiveCfg = Release|Any CPU
		{A2FCE073-B51C-4161-B81D-1A969A349E3B}.Release|Any CPU.Build.0 = Release|Any CPU
		{52587513-0A55-40C0-BFE2-EEFFB8F00E9F}.Debug|Any CPU.ActiveCfg = Debug|Any CPU
		{52587513-0A55-40C0-BFE2-EEFFB8F00E9F}.Debug|Any CPU.Build.0 = Debug|Any CPU
		{52587513-0A55-40C0-BFE2-EEFFB8F00E9F}.Release|Any CPU.ActiveCfg = Release|Any CPU
		{52587513-0A55-40C0-BFE2-EEFFB8F00E9F}.Release|Any CPU.Build.0 = Release|Any CPU
		{6F12AD27-4706-4A8D-A574-B67142827C0A}.Debug|Any CPU.ActiveCfg = Debug|Any CPU
		{6F12AD27-4706-4A8D-A574-B67142827C0A}.Debug|Any CPU.Build.0 = Debug|Any CPU
		{6F12AD27-4706-4A8D-A574-B67142827C0A}.Release|Any CPU.ActiveCfg = Release|Any CPU
		{6F12AD27-4706-4A8D-A574-B67142827C0A}.Release|Any CPU.Build.0 = Release|Any CPU
	EndGlobalSection
	GlobalSection(SolutionProperties) = preSolution
		HideSolutionNode = FALSE
	EndGlobalSection
	GlobalSection(ExtensibilityGlobals) = postSolution
		SolutionGuid = {A03DDF37-DF13-4C62-B9B1-2C78265784A8}
	EndGlobalSection
EndGlobal
